
Microsoft Visual Studio Solution File, Format Version 12.00
# Visual Studio Version 17
VisualStudioVersion = 17.4.33122.133
MinimumVisualStudioVersion = 10.0.40219.1
Project("{9A19103F-16F7-4668-BE54-9A1E7A4F7556}") = "Tako.Definitions", "Tako.Definitions\Tako.Definitions.csproj", "{26B024FE-26FB-4D7E-99DE-378F32941163}"
EndProject
Project("{9A19103F-16F7-4668-BE54-9A1E7A4F7556}") = "Tako.Server", "Tako.Server\Tako.Server.csproj", "{F7889444-C991-4C4C-A032-E049A9E9B579}"
EndProject
Global
	GlobalSection(SolutionConfigurationPlatforms) = preSolution
		Debug|Any CPU = Debug|Any CPU
		Release|Any CPU = Release|Any CPU
	EndGlobalSection
	GlobalSection(ProjectConfigurationPlatforms) = postSolution
		{26B024FE-26FB-4D7E-99DE-378F32941163}.Debug|Any CPU.ActiveCfg = Debug|Any CPU
		{26B024FE-26FB-4D7E-99DE-378F32941163}.Debug|Any CPU.Build.0 = Debug|Any CPU
		{26B024FE-26FB-4D7E-99DE-378F32941163}.Release|Any CPU.ActiveCfg = Release|Any CPU
		{26B024FE-26FB-4D7E-99DE-378F32941163}.Release|Any CPU.Build.0 = Release|Any CPU
		{F7889444-C991-4C4C-A032-E049A9E9B579}.Debug|Any CPU.ActiveCfg = Debug|Any CPU
		{F7889444-C991-4C4C-A032-E049A9E9B579}.Debug|Any CPU.Build.0 = Debug|Any CPU
		{F7889444-C991-4C4C-A032-E049A9E9B579}.Release|Any CPU.ActiveCfg = Release|Any CPU
		{F7889444-C991-4C4C-A032-E049A9E9B579}.Release|Any CPU.Build.0 = Release|Any CPU
	EndGlobalSection
	GlobalSection(SolutionProperties) = preSolution
		HideSolutionNode = FALSE
	EndGlobalSection
	GlobalSection(ExtensibilityGlobals) = postSolution
		SolutionGuid = {4D73B432-CE1A-48B9-9BA6-068625AEAFA8}
	EndGlobalSection
EndGlobal
